
Microsoft Visual Studio Solution File, Format Version 12.00
# Visual Studio Version 17
VisualStudioVersion = 17.9.34902.65
MinimumVisualStudioVersion = 10.0.40219.1
Project("{FAE04EC0-301F-11D3-BF4B-00C04F79EFBC}") = "EserciziLinq", "EserciziLinq\EserciziLinq.csproj", "{2D93C772-029F-45C7-8A85-2BED662AD244}"
EndProject
Global
	GlobalSection(SolutionConfigurationPlatforms) = preSolution
		Debug|Any CPU = Debug|Any CPU
		Release|Any CPU = Release|Any CPU
	EndGlobalSection
	GlobalSection(ProjectConfigurationPlatforms) = postSolution
		{2D93C772-029F-45C7-8A85-2BED662AD244}.Debug|Any CPU.ActiveCfg = Debug|Any CPU
		{2D93C772-029F-45C7-8A85-2BED662AD244}.Debug|Any CPU.Build.0 = Debug|Any CPU
		{2D93C772-029F-45C7-8A85-2BED662AD244}.Release|Any CPU.ActiveCfg = Release|Any CPU
		{2D93C772-029F-45C7-8A85-2BED662AD244}.Release|Any CPU.Build.0 = Release|Any CPU
	EndGlobalSection
	GlobalSection(SolutionProperties) = preSolution
		HideSolutionNode = FALSE
	EndGlobalSection
	GlobalSection(ExtensibilityGlobals) = postSolution
		SolutionGuid = {419D0339-EE58-4345-A5D1-CEA1E8E2848A}
	EndGlobalSection
EndGlobal
